{
    "name": "amxxpawn-language",
    "version": "0.7.5",
    "lockfileVersion": 1,
    "requires": true,
    "dependencies": {
        "@types/node": {
            "version": "6.0.102",
            "resolved": "http://registry.npmjs.org/@types/node/-/node-6.0.102.tgz",
            "integrity": "sha512-EhNufyBoC1Kqaj+XMHGzi6mPUC8wVABOMTPE5XaSJc49LIVvXsyrV1HYMAPTUViT7E4wLUB38OdDmb+HshjGmA==",
            "dev": true
        },
        "@types/vscode": {
            "version": "1.60.0",
            "resolved": "https://registry.npmjs.org/@types/vscode/-/vscode-1.60.0.tgz",
            "integrity": "sha512-wZt3VTmzYrgZ0l/3QmEbCq4KAJ71K3/hmMQ/nfpv84oH8e81KKwPEoQ5v8dNCxfHFVJ1JabHKmCvqdYOoVm1Ow==",
            "dev": true
        },
        "typescript": {
            "version": "2.7.2",
            "resolved": "https://registry.npmjs.org/typescript/-/typescript-2.7.2.tgz",
            "integrity": "sha512-p5TCYZDAO0m4G344hD+wx/LATebLWZNkkh2asWUFqSsD2OrDNhbAHuSjobrmsUmdzjJjEeZVU9g1h3O6vpstnw==",
            "dev": true
        },
        "vscode-jsonrpc": {
            "version": "3.3.1",
            "resolved": "https://registry.npmjs.org/vscode-jsonrpc/-/vscode-jsonrpc-3.3.1.tgz",
            "integrity": "sha512-iLlG27498AJF0j4GJ4yua7Z9bpJfLfwpAaAA9mihe6VDoYHwK8TyFgnpXdgjoTb8X9/DnzimQeg0bjIWINvPWw=="
        },
        "vscode-languageclient": {
            "version": "3.3.0",
            "resolved": "https://registry.npmjs.org/vscode-languageclient/-/vscode-languageclient-3.3.0.tgz",
            "integrity": "sha1-x2HQIPlomsyKiluuUUU/OBkDSTw=",
            "requires": {
                "vscode-jsonrpc": "^3.3.0",
                "vscode-languageserver-types": "^3.3.0"
            }
        },
        "vscode-languageserver": {
            "version": "3.3.0",
            "resolved": "https://registry.npmjs.org/vscode-languageserver/-/vscode-languageserver-3.3.0.tgz",
            "integrity": "sha1-9UfU8OVwL4j/NpW65ZBflgTIzGI=",
            "requires": {
                "vscode-jsonrpc": "^3.3.0",
                "vscode-languageserver-types": "^3.3.0"
            }
        },
        "vscode-languageserver-types": {
            "version": "3.3.0",
            "resolved": "https://registry.npmjs.org/vscode-languageserver-types/-/vscode-languageserver-types-3.3.0.tgz",
            "integrity": "sha512-5BMClM4D3mRl5JlWFxIxhhJAbcVW9dFviz8ubppmG8epCTzl1bPpndcnvsjOjUlVsO9V8l8Ktklqc70Ew6soew=="
        },
        "vscode-uri": {
            "version": "1.0.1",
            "resolved": "https://registry.npmjs.org/vscode-uri/-/vscode-uri-1.0.1.tgz",
            "integrity": "sha1-Eahr7+rDxKo+wIYjZRo8gabQu8g="
        }
    }
}
